// !$*UTF8*$!
{
	archiveVersion = 1;
	classes = {
	};
	objectVersion = 46;
	objects = {

/* Begin PBXBuildFile section */
		415C5738A0190D40A16E73B6 /* Pods_MijnWords.framework in Frameworks */ = {isa = PBXBuildFile; fileRef = BC0E517EE9F58465D039FDE3 /* Pods_MijnWords.framework */; };
		5B005A121F51C3FE007B4887 /* AppDelegate.swift in Sources */ = {isa = PBXBuildFile; fileRef = 5B005A111F51C3FE007B4887 /* AppDelegate.swift */; };
		5B005A141F51C3FE007B4887 /* LoginController.swift in Sources */ = {isa = PBXBuildFile; fileRef = 5B005A131F51C3FE007B4887 /* LoginController.swift */; };
		5B005A171F51C3FE007B4887 /* Main.storyboard in Resources */ = {isa = PBXBuildFile; fileRef = 5B005A151F51C3FE007B4887 /* Main.storyboard */; };
		5B005A191F51C3FE007B4887 /* Assets.xcassets in Resources */ = {isa = PBXBuildFile; fileRef = 5B005A181F51C3FE007B4887 /* Assets.xcassets */; };
		5B005A1C1F51C3FE007B4887 /* LaunchScreen.storyboard in Resources */ = {isa = PBXBuildFile; fileRef = 5B005A1A1F51C3FE007B4887 /* LaunchScreen.storyboard */; };
		5B1D38111F53365600FE40E4 /* en_lang.png in Resources */ = {isa = PBXBuildFile; fileRef = 5B1D380F1F53365600FE40E4 /* en_lang.png */; };
		5B1D38121F53365600FE40E4 /* es_lang.png in Resources */ = {isa = PBXBuildFile; fileRef = 5B1D38101F53365600FE40E4 /* es_lang.png */; };
		5B1D38141F53370600FE40E4 /* nl_lang.png in Resources */ = {isa = PBXBuildFile; fileRef = 5B1D38131F53370600FE40E4 /* nl_lang.png */; };
		5BE51D691F51CA2F00EDEEED /* HomeController.swift in Sources */ = {isa = PBXBuildFile; fileRef = 5BE51D681F51CA2F00EDEEED /* HomeController.swift */; };
		5BE51D6B1F51CE1500EDEEED /* API.swift in Sources */ = {isa = PBXBuildFile; fileRef = 5BE51D6A1F51CE1500EDEEED /* API.swift */; };
		5BE51D6D1F51D19100EDEEED /* Common.swift in Sources */ = {isa = PBXBuildFile; fileRef = 5BE51D6C1F51D19100EDEEED /* Common.swift */; };
		5BE51D6F1F51D9CA00EDEEED /* ConfigController.swift in Sources */ = {isa = PBXBuildFile; fileRef = 5BE51D6E1F51D9CA00EDEEED /* ConfigController.swift */; };
/* End PBXBuildFile section */

/* Begin PBXFileReference section */
		027F33BDDC2ADA747E44219D /* Pods-MijnWords.debug.xcconfig */ = {isa = PBXFileReference; includeInIndex = 1; lastKnownFileType = text.xcconfig; name = "Pods-MijnWords.debug.xcconfig"; path = "Pods/Target Support Files/Pods-MijnWords/Pods-MijnWords.debug.xcconfig"; sourceTree = "<group>"; };
		5B005A0E1F51C3FE007B4887 /* MijnWords.app */ = {isa = PBXFileReference; explicitFileType = wrapper.application; includeInIndex = 0; path = MijnWords.app; sourceTree = BUILT_PRODUCTS_DIR; };
		5B005A111F51C3FE007B4887 /* AppDelegate.swift */ = {isa = PBXFileReference; lastKnownFileType = sourcecode.swift; path = AppDelegate.swift; sourceTree = "<group>"; };
		5B005A131F51C3FE007B4887 /* LoginController.swift */ = {isa = PBXFileReference; lastKnownFileType = sourcecode.swift; path = LoginController.swift; sourceTree = "<group>"; };
		5B005A161F51C3FE007B4887 /* Base */ = {isa = PBXFileReference; lastKnownFileType = file.storyboard; name = Base; path = Base.lproj/Main.storyboard; sourceTree = "<group>"; };
		5B005A181F51C3FE007B4887 /* Assets.xcassets */ = {isa = PBXFileReference; lastKnownFileType = folder.assetcatalog; path = Assets.xcassets; sourceTree = "<group>"; };
		5B005A1B1F51C3FE007B4887 /* Base */ = {isa = PBXFileReference; lastKnownFileType = file.storyboard; name = Base; path = Base.lproj/LaunchScreen.storyboard; sourceTree = "<group>"; };
		5B005A1D1F51C3FE007B4887 /* Info.plist */ = {isa = PBXFileReference; lastKnownFileType = text.plist.xml; path = Info.plist; sourceTree = "<group>"; };
		5B1D380F1F53365600FE40E4 /* en_lang.png */ = {isa = PBXFileReference; lastKnownFileType = image.png; path = en_lang.png; sourceTree = "<group>"; };
		5B1D38101F53365600FE40E4 /* es_lang.png */ = {isa = PBXFileReference; lastKnownFileType = image.png; path = es_lang.png; sourceTree = "<group>"; };
		5B1D38131F53370600FE40E4 /* nl_lang.png */ = {isa = PBXFileReference; lastKnownFileType = image.png; path = nl_lang.png; sourceTree = "<group>"; };
		5BE51D681F51CA2F00EDEEED /* HomeController.swift */ = {isa = PBXFileReference; fileEncoding = 4; lastKnownFileType = sourcecode.swift; path = HomeController.swift; sourceTree = "<group>"; };
		5BE51D6A1F51CE1500EDEEED /* API.swift */ = {isa = PBXFileReference; fileEncoding = 4; lastKnownFileType = sourcecode.swift; path = API.swift; sourceTree = "<group>"; };
		5BE51D6C1F51D19100EDEEED /* Common.swift */ = {isa = PBXFileReference; fileEncoding = 4; lastKnownFileType = sourcecode.swift; path = Common.swift; sourceTree = "<group>"; };
		5BE51D6E1F51D9CA00EDEEED /* ConfigController.swift */ = {isa = PBXFileReference; fileEncoding = 4; lastKnownFileType = sourcecode.swift; path = ConfigController.swift; sourceTree = "<group>"; };
		BC0E517EE9F58465D039FDE3 /* Pods_MijnWords.framework */ = {isa = PBXFileReference; explicitFileType = wrapper.framework; includeInIndex = 0; path = Pods_MijnWords.framework; sourceTree = BUILT_PRODUCTS_DIR; };
		C5A34CDC75E58B4A9EAE51AA /* Pods-MijnWords.release.xcconfig */ = {isa = PBXFileReference; includeInIndex = 1; lastKnownFileType = text.xcconfig; name = "Pods-MijnWords.release.xcconfig"; path = "Pods/Target Support Files/Pods-MijnWords/Pods-MijnWords.release.xcconfig"; sourceTree = "<group>"; };
/* End PBXFileReference section */

/* Begin PBXFrameworksBuildPhase section */
		5B005A0B1F51C3FE007B4887 /* Frameworks */ = {
			isa = PBXFrameworksBuildPhase;
			buildActionMask = 2147483647;
			files = (
				415C5738A0190D40A16E73B6 /* Pods_MijnWords.framework in Frameworks */,
			);
			runOnlyForDeploymentPostprocessing = 0;
		};
/* End PBXFrameworksBuildPhase section */

/* Begin PBXGroup section */
		0B33F3368AD35FFAF03596B5 /* Pods */ = {
			isa = PBXGroup;
			children = (
				027F33BDDC2ADA747E44219D /* Pods-MijnWords.debug.xcconfig */,
				C5A34CDC75E58B4A9EAE51AA /* Pods-MijnWords.release.xcconfig */,
			);
			name = Pods;
			sourceTree = "<group>";
		};
		5B005A051F51C3FE007B4887 = {
			isa = PBXGroup;
			children = (
				5B005A101F51C3FE007B4887 /* MijnWords */,
				5B005A0F1F51C3FE007B4887 /* Products */,
				0B33F3368AD35FFAF03596B5 /* Pods */,
				8FC984DEAD0DB18606790F3C /* Frameworks */,
			);
			sourceTree = "<group>";
		};
		5B005A0F1F51C3FE007B4887 /* Products */ = {
			isa = PBXGroup;
			children = (
				5B005A0E1F51C3FE007B4887 /* MijnWords.app */,
			);
			name = Products;
			sourceTree = "<group>";
		};
		5B005A101F51C3FE007B4887 /* MijnWords */ = {
			isa = PBXGroup;
			children = (
				5B005A111F51C3FE007B4887 /* AppDelegate.swift */,
				5B005A151F51C3FE007B4887 /* Main.storyboard */,
				5BE51D661F51C71F00EDEEED /* controllers */,
				5BE51D651F51C71800EDEEED /* assets */,
				5BE51D671F51C74B00EDEEED /* tools */,
				5B005A181F51C3FE007B4887 /* Assets.xcassets */,
				5B005A1A1F51C3FE007B4887 /* LaunchScreen.storyboard */,
			);
			path = MijnWords;
			sourceTree = "<group>";
		};
		5BE51D651F51C71800EDEEED /* assets */ = {
			isa = PBXGroup;
			children = (
				5B1D38131F53370600FE40E4 /* nl_lang.png */,
				5B1D380F1F53365600FE40E4 /* en_lang.png */,
				5B1D38101F53365600FE40E4 /* es_lang.png */,
			);
			name = assets;
			sourceTree = "<group>";
		};
		5BE51D661F51C71F00EDEEED /* controllers */ = {
			isa = PBXGroup;
			children = (
				5BE51D6E1F51D9CA00EDEEED /* ConfigController.swift */,
				5BE51D681F51CA2F00EDEEED /* HomeController.swift */,
				5B005A131F51C3FE007B4887 /* LoginController.swift */,
			);
			name = controllers;
			sourceTree = "<group>";
		};
		5BE51D671F51C74B00EDEEED /* tools */ = {
			isa = PBXGroup;
			children = (
				5BE51D6A1F51CE1500EDEEED /* API.swift */,
				5BE51D6C1F51D19100EDEEED /* Common.swift */,
				5B005A1D1F51C3FE007B4887 /* Info.plist */,
			);
			name = tools;
			sourceTree = "<group>";
		};
		8FC984DEAD0DB18606790F3C /* Frameworks */ = {
			isa = PBXGroup;
			children = (
				BC0E517EE9F58465D039FDE3 /* Pods_MijnWords.framework */,
			);
			name = Frameworks;
			sourceTree = "<group>";
		};
/* End PBXGroup section */

/* Begin PBXNativeTarget section */
		5B005A0D1F51C3FE007B4887 /* MijnWords */ = {
			isa = PBXNativeTarget;
			buildConfigurationList = 5B005A201F51C3FE007B4887 /* Build configuration list for PBXNativeTarget "MijnWords" */;
			buildPhases = (
				2F8335261D557A46C8F1B993 /* [CP] Check Pods Manifest.lock */,
				5B005A0A1F51C3FE007B4887 /* Sources */,
				5B005A0B1F51C3FE007B4887 /* Frameworks */,
				5B005A0C1F51C3FE007B4887 /* Resources */,
				AFDC45846AFCA44401B5F276 /* [CP] Embed Pods Frameworks */,
				0161B9BEDF4DF052271CA348 /* [CP] Copy Pods Resources */,
			);
			buildRules = (
			);
			dependencies = (
			);
			name = MijnWords;
			productName = MijnWords;
			productReference = 5B005A0E1F51C3FE007B4887 /* MijnWords.app */;
			productType = "com.apple.product-type.application";
		};
/* End PBXNativeTarget section */

/* Begin PBXProject section */
		5B005A061F51C3FE007B4887 /* Project object */ = {
			isa = PBXProject;
			attributes = {
				LastSwiftUpdateCheck = 0830;
				LastUpgradeCheck = 0830;
				ORGANIZATIONNAME = "Juan Daniel";
				TargetAttributes = {
					5B005A0D1F51C3FE007B4887 = {
						CreatedOnToolsVersion = 8.3.2;
						DevelopmentTeam = 7A84FVPLVE;
						ProvisioningStyle = Automatic;
					};
				};
			};
			buildConfigurationList = 5B005A091F51C3FE007B4887 /* Build configuration list for PBXProject "MijnWords" */;
			compatibilityVersion = "Xcode 3.2";
			developmentRegion = English;
			hasScannedForEncodings = 0;
			knownRegions = (
				en,
				Base,
			);
			mainGroup = 5B005A051F51C3FE007B4887;
			productRefGroup = 5B005A0F1F51C3FE007B4887 /* Products */;
			projectDirPath = "";
			projectRoot = "";
			targets = (
				5B005A0D1F51C3FE007B4887 /* MijnWords */,
			);
		};
/* End PBXProject section */

/* Begin PBXResourcesBuildPhase section */
		5B005A0C1F51C3FE007B4887 /* Resources */ = {
			isa = PBXResourcesBuildPhase;
			buildActionMask = 2147483647;
			files = (
				5B005A1C1F51C3FE007B4887 /* LaunchScreen.storyboard in Resources */,
				5B1D38141F53370600FE40E4 /* nl_lang.png in Resources */,
				5B005A191F51C3FE007B4887 /* Assets.xcassets in Resources */,
				5B1D38111F53365600FE40E4 /* en_lang.png in Resources */,
				5B1D38121F53365600FE40E4 /* es_lang.png in Resources */,
				5B005A171F51C3FE007B4887 /* Main.storyboard in Resources */,
			);
			runOnlyForDeploymentPostprocessing = 0;
		};
/* End PBXResourcesBuildPhase section */

/* Begin PBXShellScriptBuildPhase section */
		0161B9BEDF4DF052271CA348 /* [CP] Copy Pods Resources */ = {
			isa = PBXShellScriptBuildPhase;
			buildActionMask = 2147483647;
			files = (
			);
			inputPaths = (
			);
			name = "[CP] Copy Pods Resources";
			outputPaths = (
			);
			runOnlyForDeploymentPostprocessing = 0;
			shellPath = /bin/sh;
			shellScript = "\"${SRCROOT}/Pods/Target Support Files/Pods-MijnWords/Pods-MijnWords-resources.sh\"\n";
			showEnvVarsInLog = 0;
		};
		2F8335261D557A46C8F1B993 /* [CP] Check Pods Manifest.lock */ = {
			isa = PBXShellScriptBuildPhase;
			buildActionMask = 2147483647;
			files = (
			);
			inputPaths = (
			);
			name = "[CP] Check Pods Manifest.lock";
			outputPaths = (
			);
			runOnlyForDeploymentPostprocessing = 0;
			shellPath = /bin/sh;
			shellScript = "diff \"${PODS_PODFILE_DIR_PATH}/Podfile.lock\" \"${PODS_ROOT}/Manifest.lock\" > /dev/null\nif [ $? != 0 ] ; then\n    # print error to STDERR\n    echo \"error: The sandbox is not in sync with the Podfile.lock. Run 'pod install' or update your CocoaPods installation.\" >&2\n    exit 1\nfi\n";
			showEnvVarsInLog = 0;
		};
		AFDC45846AFCA44401B5F276 /* [CP] Embed Pods Frameworks */ = {
			isa = PBXShellScriptBuildPhase;
			buildActionMask = 2147483647;
			files = (
			);
			inputPaths = (
			);
			name = "[CP] Embed Pods Frameworks";
			outputPaths = (
			);
			runOnlyForDeploymentPostprocessing = 0;
			shellPath = /bin/sh;
			shellScript = "\"${SRCROOT}/Pods/Target Support Files/Pods-MijnWords/Pods-MijnWords-frameworks.sh\"\n";
			showEnvVarsInLog = 0;
		};
/* End PBXShellScriptBuildPhase section */

/* Begin PBXSourcesBuildPhase section */
		5B005A0A1F51C3FE007B4887 /* Sources */ = {
			isa = PBXSourcesBuildPhase;
			buildActionMask = 2147483647;
			files = (
				5B005A141F51C3FE007B4887 /* LoginController.swift in Sources */,
				5BE51D6F1F51D9CA00EDEEED /* ConfigController.swift in Sources */,
				5B005A121F51C3FE007B4887 /* AppDelegate.swift in Sources */,
				5BE51D6B1F51CE1500EDEEED /* API.swift in Sources */,
				5BE51D6D1F51D19100EDEEED /* Common.swift in Sources */,
				5BE51D691F51CA2F00EDEEED /* HomeController.swift in Sources */,
			);
			runOnlyForDeploymentPostprocessing = 0;
		};
/* End PBXSourcesBuildPhase section */

/* Begin PBXVariantGroup section */
		5B005A151F51C3FE007B4887 /* Main.storyboard */ = {
			isa = PBXVariantGroup;
			children = (
				5B005A161F51C3FE007B4887 /* Base */,
			);
			name = Main.storyboard;
			sourceTree = "<group>";
		};
		5B005A1A1F51C3FE007B4887 /* LaunchScreen.storyboard */ = {
			isa = PBXVariantGroup;
			children = (
				5B005A1B1F51C3FE007B4887 /* Base */,
			);
			name = LaunchScreen.storyboard;
			sourceTree = "<group>";
		};
/* End PBXVariantGroup section */

/* Begin XCBuildConfiguration section */
		5B005A1E1F51C3FE007B4887 /* Debug */ = {
			isa = XCBuildConfiguration;
			buildSettings = {
				ALWAYS_SEARCH_USER_PATHS = NO;
				CLANG_ANALYZER_NONNULL = YES;
				CLANG_ANALYZER_NUMBER_OBJECT_CONVERSION = YES_AGGRESSIVE;
				CLANG_CXX_LANGUAGE_STANDARD = "gnu++0x";
				CLANG_CXX_LIBRARY = "libc++";
				CLANG_ENABLE_MODULES = YES;
				CLANG_ENABLE_OBJC_ARC = YES;
				CLANG_WARN_BOOL_CONVERSION = YES;
				CLANG_WARN_CONSTANT_CONVERSION = YES;
				CLANG_WARN_DIRECT_OBJC_ISA_USAGE = YES_ERROR;
				CLANG_WARN_DOCUMENTATION_COMMENTS = YES;
				CLANG_WARN_EMPTY_BODY = YES;
				CLANG_WARN_ENUM_CONVERSION = YES;
				CLANG_WARN_INFINITE_RECURSION = YES;
				CLANG_WARN_INT_CONVERSION = YES;
				CLANG_WARN_OBJC_ROOT_CLASS = YES_ERROR;
				CLANG_WARN_SUSPICIOUS_MOVE = YES;
				CLANG_WARN_UNREACHABLE_CODE = YES;
				CLANG_WARN__DUPLICATE_METHOD_MATCH = YES;
				"CODE_SIGN_IDENTITY[sdk=iphoneos*]" = "iPhone Developer";
				COPY_PHASE_STRIP = NO;
				DEBUG_INFORMATION_FORMAT = dwarf;
				ENABLE_STRICT_OBJC_MSGSEND = YES;
				ENABLE_TESTABILITY = YES;
				GCC_C_LANGUAGE_STANDARD = gnu99;
				GCC_DYNAMIC_NO_PIC = NO;
				GCC_NO_COMMON_BLOCKS = YES;
				GCC_OPTIMIZATION_LEVEL = 0;
				GCC_PREPROCESSOR_DEFINITIONS = (
					"DEBUG=1",
					"$(inherited)",
				);
				GCC_WARN_64_TO_32_BIT_CONVERSION = YES;
				GCC_WARN_ABOUT_RETURN_TYPE = YES_ERROR;
				GCC_WARN_UNDECLARED_SELECTOR = YES;
				GCC_WARN_UNINITIALIZED_AUTOS = YES_AGGRESSIVE;
				GCC_WARN_UNUSED_FUNCTION = YES;
				GCC_WARN_UNUSED_VARIABLE = YES;
				IPHONEOS_DEPLOYMENT_TARGET = 10.3;
				MTL_ENABLE_DEBUG_INFO = YES;
				ONLY_ACTIVE_ARCH = YES;
				SDKROOT = iphoneos;
				SWIFT_ACTIVE_COMPILATION_CONDITIONS = DEBUG;
				SWIFT_OPTIMIZATION_LEVEL = "-Onone";
			};
			name = Debug;
		};
		5B005A1F1F51C3FE007B4887 /* Release */ = {
			isa = XCBuildConfiguration;
			buildSettings = {
				ALWAYS_SEARCH_USER_PATHS = NO;
				CLANG_ANALYZER_NONNULL = YES;
				CLANG_ANALYZER_NUMBER_OBJECT_CONVERSION = YES_AGGRESSIVE;
				CLANG_CXX_LANGUAGE_STANDARD = "gnu++0x";
				CLANG_CXX_LIBRARY = "libc++";
				CLANG_ENABLE_MODULES = YES;
				CLANG_ENABLE_OBJC_ARC = YES;
				CLANG_WARN_BOOL_CONVERSION = YES;
				CLANG_WARN_CONSTANT_CONVERSION = YES;
				CLANG_WARN_DIRECT_OBJC_ISA_USAGE = YES_ERROR;
				CLANG_WARN_DOCUMENTATION_COMMENTS = YES;
				CLANG_WARN_EMPTY_BODY = YES;
				CLANG_WARN_ENUM_CONVERSION = YES;
				CLANG_WARN_INFINITE_RECURSION = YES;
				CLANG_WARN_INT_CONVERSION = YES;
				CLANG_WARN_OBJC_ROOT_CLASS = YES_ERROR;
				CLANG_WARN_SUSPICIOUS_MOVE = YES;
				CLANG_WARN_UNREACHABLE_CODE = YES;
				CLANG_WARN__DUPLICATE_METHOD_MATCH = YES;
				"CODE_SIGN_IDENTITY[sdk=iphoneos*]" = "iPhone Developer";
				COPY_PHASE_STRIP = NO;
				DEBUG_INFORMATION_FORMAT = "dwarf-with-dsym";
				ENABLE_NS_ASSERTIONS = NO;
				ENABLE_STRICT_OBJC_MSGSEND = YES;
				GCC_C_LANGUAGE_STANDARD = gnu99;
				GCC_NO_COMMON_BLOCKS = YES;
				GCC_WARN_64_TO_32_BIT_CONVERSION = YES;
				GCC_WARN_ABOUT_RETURN_TYPE = YES_ERROR;
				GCC_WARN_UNDECLARED_SELECTOR = YES;
				GCC_WARN_UNINITIALIZED_AUTOS = YES_AGGRESSIVE;
				GCC_WARN_UNUSED_FUNCTION = YES;
				GCC_WARN_UNUSED_VARIABLE = YES;
				IPHONEOS_DEPLOYMENT_TARGET = 10.3;
				MTL_ENABLE_DEBUG_INFO = NO;
				SDKROOT = iphoneos;
				SWIFT_OPTIMIZATION_LEVEL = "-Owholemodule";
				VALIDATE_PRODUCT = YES;
			};
			name = Release;
		};
		5B005A211F51C3FE007B4887 /* Debug */ = {
			isa = XCBuildConfiguration;
			baseConfigurationReference = 027F33BDDC2ADA747E44219D /* Pods-MijnWords.debug.xcconfig */;
			buildSettings = {
				ASSETCATALOG_COMPILER_APPICON_NAME = AppIcon;
				DEVELOPMENT_TEAM = 7A84FVPLVE;
				INFOPLIST_FILE = MijnWords/Info.plist;
				LD_RUNPATH_SEARCH_PATHS = "$(inherited) @executable_path/Frameworks";
				PRODUCT_BUNDLE_IDENTIFIER = "-.MijnWords";
				PRODUCT_NAME = "$(TARGET_NAME)";
				SWIFT_VERSION = 3.0;
			};
			name = Debug;
		};
		5B005A221F51C3FE007B4887 /* Release */ = {
			isa = XCBuildConfiguration;
			baseConfigurationReference = C5A34CDC75E58B4A9EAE51AA /* Pods-MijnWords.release.xcconfig */;
			buildSettings = {
				ASSETCATALOG_COMPILER_APPICON_NAME = AppIcon;
				DEVELOPMENT_TEAM = 7A84FVPLVE;
				INFOPLIST_FILE = MijnWords/Info.plist;
				LD_RUNPATH_SEARCH_PATHS = "$(inherited) @executable_path/Frameworks";
				PRODUCT_BUNDLE_IDENTIFIER = "-.MijnWords";
				PRODUCT_NAME = "$(TARGET_NAME)";
				SWIFT_VERSION = 3.0;
			};
			name = Release;
		};
/* End XCBuildConfiguration section */

/* Begin XCConfigurationList section */
		5B005A091F51C3FE007B4887 /* Build configuration list for PBXProject "MijnWords" */ = {
			isa = XCConfigurationList;
			buildConfigurations = (
				5B005A1E1F51C3FE007B4887 /* Debug */,
				5B005A1F1F51C3FE007B4887 /* Release */,
			);
			defaultConfigurationIsVisible = 0;
			defaultConfigurationName = Release;
		};
		5B005A201F51C3FE007B4887 /* Build configuration list for PBXNativeTarget "MijnWords" */ = {
			isa = XCConfigurationList;
			buildConfigurations = (
				5B005A211F51C3FE007B4887 /* Debug */,
				5B005A221F51C3FE007B4887 /* Release */,
			);
			defaultConfigurationIsVisible = 0;
			defaultConfigurationName = Release;
		};
/* End XCConfigurationList section */
	};
	rootObject = 5B005A061F51C3FE007B4887 /* Project object */;
}
