// !$*UTF8*$!
{
	archiveVersion = 1;
	classes = {
	};
	objectVersion = 46;
	objects = {

/* Begin PBXBuildFile section */
		415C5738A0190D40A16E73B6 /* Pods_MijnWords.framework in Frameworks */ = {isa = PBXBuildFile; fileRef = BC0E517EE9F58465D039FDE3 /* Pods_MijnWords.framework */; };
		5B005A121F51C3FE007B4887 /* AppDelegate.swift in Sources */ = {isa = PBXBuildFile; fileRef = 5B005A111F51C3FE007B4887 /* AppDelegate.swift */; };
		5B005A141F51C3FE007B4887 /* HomeController.swift in Sources */ = {isa = PBXBuildFile; fileRef = 5B005A131F51C3FE007B4887 /* HomeController.swift */; };
		5B005A171F51C3FE007B4887 /* Main.storyboard in Resources */ = {isa = PBXBuildFile; fileRef = 5B005A151F51C3FE007B4887 /* Main.storyboard */; };
		5B005A191F51C3FE007B4887 /* Assets.xcassets in Resources */ = {isa = PBXBuildFile; fileRef = 5B005A181F51C3FE007B4887 /* Assets.xcassets */; };
		5B005A1C1F51C3FE007B4887 /* LaunchScreen.storyboard in Resources */ = {isa = PBXBuildFile; fileRef = 5B005A1A1F51C3FE007B4887 /* LaunchScreen.storyboard */; };
		5B194B431F7C3040006D95DD /* HistoricController.swift in Sources */ = {isa = PBXBuildFile; fileRef = 5B194B421F7C3040006D95DD /* HistoricController.swift */; };
		5B1D38111F53365600FE40E4 /* en_lang.png in Resources */ = {isa = PBXBuildFile; fileRef = 5B1D380F1F53365600FE40E4 /* en_lang.png */; };
		5B1D38121F53365600FE40E4 /* es_lang.png in Resources */ = {isa = PBXBuildFile; fileRef = 5B1D38101F53365600FE40E4 /* es_lang.png */; };
		5B1D38141F53370600FE40E4 /* nl_lang.png in Resources */ = {isa = PBXBuildFile; fileRef = 5B1D38131F53370600FE40E4 /* nl_lang.png */; };
		5B294BF51F6D995E00777EB5 /* ModoCondicionalView.xib in Resources */ = {isa = PBXBuildFile; fileRef = 5B294BF41F6D995E00777EB5 /* ModoCondicionalView.xib */; };
		5B294BF91F6D9EC700777EB5 /* ModoImperativoView.xib in Resources */ = {isa = PBXBuildFile; fileRef = 5B294BF81F6D9EC700777EB5 /* ModoImperativoView.xib */; };
		5B362C5B1F6F9481002E0F4A /* CreditsController.swift in Sources */ = {isa = PBXBuildFile; fileRef = 5B362C5A1F6F9481002E0F4A /* CreditsController.swift */; };
		5B3A5F981F61FC71006B1A91 /* ModoCell.swift in Sources */ = {isa = PBXBuildFile; fileRef = 5B3A5F971F61FC71006B1A91 /* ModoCell.swift */; };
		5B4DEF701F65ABF2004FDFE0 /* ModoIndicativoView.xib in Resources */ = {isa = PBXBuildFile; fileRef = 5B4DEF6F1F65ABF2004FDFE0 /* ModoIndicativoView.xib */; };
		5B4DEF721F65B692004FDFE0 /* ModoSubjuntivoView.xib in Resources */ = {isa = PBXBuildFile; fileRef = 5B4DEF711F65B692004FDFE0 /* ModoSubjuntivoView.xib */; };
		5B564AA21F7ABFA4007DBA4C /* Palabras.swift in Sources */ = {isa = PBXBuildFile; fileRef = 5B564AA11F7ABFA4007DBA4C /* Palabras.swift */; };
		5B5D72E41F63DDF0009416EA /* Palabra.swift in Sources */ = {isa = PBXBuildFile; fileRef = 5B5D72E31F63DDF0009416EA /* Palabra.swift */; };
		5B5D72E61F63DE49009416EA /* ModoVerbo.swift in Sources */ = {isa = PBXBuildFile; fileRef = 5B5D72E51F63DE49009416EA /* ModoVerbo.swift */; };
		5B5D72E81F63DE6E009416EA /* Ejemplo.swift in Sources */ = {isa = PBXBuildFile; fileRef = 5B5D72E71F63DE6E009416EA /* Ejemplo.swift */; };
		5B66CD2E1F6EEB61005732CE /* Localizable.strings in Resources */ = {isa = PBXBuildFile; fileRef = 5B66CD301F6EEB61005732CE /* Localizable.strings */; };
		5B7B42481F55452900F9B582 /* access.json in Resources */ = {isa = PBXBuildFile; fileRef = 5B7B42471F55452900F9B582 /* access.json */; };
		5B7B424A1F55897800F9B582 /* palabras.json in Resources */ = {isa = PBXBuildFile; fileRef = 5B7B42491F55897800F9B582 /* palabras.json */; };
		5B96DCBE1F5DE07C002322B0 /* refresh.png in Resources */ = {isa = PBXBuildFile; fileRef = 5B96DCBD1F5DE07C002322B0 /* refresh.png */; };
		5BB02A1D1F5895720027AFBC /* ErrorController.swift in Sources */ = {isa = PBXBuildFile; fileRef = 5BB02A1C1F5895720027AFBC /* ErrorController.swift */; };
		5BB02A251F589CDD0027AFBC /* logo.png in Resources */ = {isa = PBXBuildFile; fileRef = 5BB02A1E1F589CDD0027AFBC /* logo.png */; };
		5BB02A261F589CDD0027AFBC /* no_network.png in Resources */ = {isa = PBXBuildFile; fileRef = 5BB02A1F1F589CDD0027AFBC /* no_network.png */; };
		5BB02A281F589CDD0027AFBC /* server_error.png in Resources */ = {isa = PBXBuildFile; fileRef = 5BB02A211F589CDD0027AFBC /* server_error.png */; };
		5BB02A291F589CDD0027AFBC /* slow_internet.png in Resources */ = {isa = PBXBuildFile; fileRef = 5BB02A221F589CDD0027AFBC /* slow_internet.png */; };
		5BB02A2A1F589CDD0027AFBC /* unknow_error.png in Resources */ = {isa = PBXBuildFile; fileRef = 5BB02A231F589CDD0027AFBC /* unknow_error.png */; };
		5BB02A2B1F589CDD0027AFBC /* update_app.png in Resources */ = {isa = PBXBuildFile; fileRef = 5BB02A241F589CDD0027AFBC /* update_app.png */; };
		5BE51D691F51CA2F00EDEEED /* DetailsController.swift in Sources */ = {isa = PBXBuildFile; fileRef = 5BE51D681F51CA2F00EDEEED /* DetailsController.swift */; };
		5BE51D6B1F51CE1500EDEEED /* API.swift in Sources */ = {isa = PBXBuildFile; fileRef = 5BE51D6A1F51CE1500EDEEED /* API.swift */; };
		5BE51D6D1F51D19100EDEEED /* Common.swift in Sources */ = {isa = PBXBuildFile; fileRef = 5BE51D6C1F51D19100EDEEED /* Common.swift */; };
		5BE51D6F1F51D9CA00EDEEED /* ConfigController.swift in Sources */ = {isa = PBXBuildFile; fileRef = 5BE51D6E1F51D9CA00EDEEED /* ConfigController.swift */; };
		5BF9CB7A1F59EFD300061A40 /* NetworkManager.swift in Sources */ = {isa = PBXBuildFile; fileRef = 5BF9CB791F59EFD300061A40 /* NetworkManager.swift */; };
/* End PBXBuildFile section */

/* Begin PBXFileReference section */
		027F33BDDC2ADA747E44219D /* Pods-MijnWords.debug.xcconfig */ = {isa = PBXFileReference; includeInIndex = 1; lastKnownFileType = text.xcconfig; name = "Pods-MijnWords.debug.xcconfig"; path = "Pods/Target Support Files/Pods-MijnWords/Pods-MijnWords.debug.xcconfig"; sourceTree = "<group>"; };
		5B005A0E1F51C3FE007B4887 /* MijnWords.app */ = {isa = PBXFileReference; explicitFileType = wrapper.application; includeInIndex = 0; path = MijnWords.app; sourceTree = BUILT_PRODUCTS_DIR; };
		5B005A111F51C3FE007B4887 /* AppDelegate.swift */ = {isa = PBXFileReference; lastKnownFileType = sourcecode.swift; path = AppDelegate.swift; sourceTree = "<group>"; };
		5B005A131F51C3FE007B4887 /* HomeController.swift */ = {isa = PBXFileReference; lastKnownFileType = sourcecode.swift; path = HomeController.swift; sourceTree = "<group>"; };
		5B005A161F51C3FE007B4887 /* Base */ = {isa = PBXFileReference; lastKnownFileType = file.storyboard; name = Base; path = Base.lproj/Main.storyboard; sourceTree = "<group>"; };
		5B005A181F51C3FE007B4887 /* Assets.xcassets */ = {isa = PBXFileReference; lastKnownFileType = folder.assetcatalog; path = Assets.xcassets; sourceTree = "<group>"; };
		5B005A1B1F51C3FE007B4887 /* Base */ = {isa = PBXFileReference; lastKnownFileType = file.storyboard; name = Base; path = Base.lproj/LaunchScreen.storyboard; sourceTree = "<group>"; };
		5B005A1D1F51C3FE007B4887 /* Info.plist */ = {isa = PBXFileReference; lastKnownFileType = text.plist.xml; path = Info.plist; sourceTree = "<group>"; };
		5B194B421F7C3040006D95DD /* HistoricController.swift */ = {isa = PBXFileReference; fileEncoding = 4; lastKnownFileType = sourcecode.swift; path = HistoricController.swift; sourceTree = "<group>"; };
		5B1D380F1F53365600FE40E4 /* en_lang.png */ = {isa = PBXFileReference; lastKnownFileType = image.png; path = en_lang.png; sourceTree = "<group>"; };
		5B1D38101F53365600FE40E4 /* es_lang.png */ = {isa = PBXFileReference; lastKnownFileType = image.png; path = es_lang.png; sourceTree = "<group>"; };
		5B1D38131F53370600FE40E4 /* nl_lang.png */ = {isa = PBXFileReference; lastKnownFileType = image.png; path = nl_lang.png; sourceTree = "<group>"; };
		5B294BF41F6D995E00777EB5 /* ModoCondicionalView.xib */ = {isa = PBXFileReference; fileEncoding = 4; lastKnownFileType = file.xib; path = ModoCondicionalView.xib; sourceTree = "<group>"; };
		5B294BF81F6D9EC700777EB5 /* ModoImperativoView.xib */ = {isa = PBXFileReference; fileEncoding = 4; lastKnownFileType = file.xib; path = ModoImperativoView.xib; sourceTree = "<group>"; };
		5B362C5A1F6F9481002E0F4A /* CreditsController.swift */ = {isa = PBXFileReference; fileEncoding = 4; lastKnownFileType = sourcecode.swift; path = CreditsController.swift; sourceTree = "<group>"; };
		5B362C621F6FA8CE002E0F4A /* en */ = {isa = PBXFileReference; lastKnownFileType = text.plist.strings; name = en; path = en.lproj/Main.strings; sourceTree = "<group>"; };
		5B362C641F6FA933002E0F4A /* nl */ = {isa = PBXFileReference; lastKnownFileType = text.plist.strings; name = nl; path = nl.lproj/Main.strings; sourceTree = "<group>"; };
		5B362C661F6FAA55002E0F4A /* es */ = {isa = PBXFileReference; lastKnownFileType = text.plist.strings; name = es; path = es.lproj/Main.strings; sourceTree = "<group>"; };
		5B3A5F971F61FC71006B1A91 /* ModoCell.swift */ = {isa = PBXFileReference; fileEncoding = 4; lastKnownFileType = sourcecode.swift; path = ModoCell.swift; sourceTree = "<group>"; };
		5B4DEF6F1F65ABF2004FDFE0 /* ModoIndicativoView.xib */ = {isa = PBXFileReference; fileEncoding = 4; lastKnownFileType = file.xib; path = ModoIndicativoView.xib; sourceTree = "<group>"; };
		5B4DEF711F65B692004FDFE0 /* ModoSubjuntivoView.xib */ = {isa = PBXFileReference; fileEncoding = 4; lastKnownFileType = file.xib; path = ModoSubjuntivoView.xib; sourceTree = "<group>"; };
		5B564AA11F7ABFA4007DBA4C /* Palabras.swift */ = {isa = PBXFileReference; fileEncoding = 4; lastKnownFileType = sourcecode.swift; path = Palabras.swift; sourceTree = "<group>"; };
		5B5D72E31F63DDF0009416EA /* Palabra.swift */ = {isa = PBXFileReference; fileEncoding = 4; lastKnownFileType = sourcecode.swift; path = Palabra.swift; sourceTree = "<group>"; };
		5B5D72E51F63DE49009416EA /* ModoVerbo.swift */ = {isa = PBXFileReference; fileEncoding = 4; lastKnownFileType = sourcecode.swift; path = ModoVerbo.swift; sourceTree = "<group>"; };
		5B5D72E71F63DE6E009416EA /* Ejemplo.swift */ = {isa = PBXFileReference; fileEncoding = 4; lastKnownFileType = sourcecode.swift; path = Ejemplo.swift; sourceTree = "<group>"; };
		5B66CD1B1F6EDADB005732CE /* es */ = {isa = PBXFileReference; lastKnownFileType = text.plist.strings; name = es; path = es.lproj/LaunchScreen.strings; sourceTree = "<group>"; };
		5B66CD211F6EDBB0005732CE /* nl */ = {isa = PBXFileReference; lastKnownFileType = text.plist.strings; name = nl; path = nl.lproj/LaunchScreen.strings; sourceTree = "<group>"; };
		5B66CD2F1F6EEB61005732CE /* Base */ = {isa = PBXFileReference; lastKnownFileType = text.plist.strings; name = Base; path = Base.lproj/Localizable.strings; sourceTree = "<group>"; };
		5B66CD341F6EEC25005732CE /* en */ = {isa = PBXFileReference; lastKnownFileType = text.plist.strings; name = en; path = en.lproj/Localizable.strings; sourceTree = "<group>"; };
		5B66CD351F6EEC49005732CE /* es */ = {isa = PBXFileReference; lastKnownFileType = text.plist.strings; name = es; path = es.lproj/Localizable.strings; sourceTree = "<group>"; };
		5B66CD361F6EEC53005732CE /* nl */ = {isa = PBXFileReference; lastKnownFileType = text.plist.strings; name = nl; path = nl.lproj/Localizable.strings; sourceTree = "<group>"; };
		5B7B42471F55452900F9B582 /* access.json */ = {isa = PBXFileReference; fileEncoding = 4; lastKnownFileType = text.json; path = access.json; sourceTree = "<group>"; };
		5B7B42491F55897800F9B582 /* palabras.json */ = {isa = PBXFileReference; fileEncoding = 4; lastKnownFileType = text.json; path = palabras.json; sourceTree = "<group>"; };
		5B96DCBD1F5DE07C002322B0 /* refresh.png */ = {isa = PBXFileReference; lastKnownFileType = image.png; path = refresh.png; sourceTree = "<group>"; };
		5BB02A1C1F5895720027AFBC /* ErrorController.swift */ = {isa = PBXFileReference; fileEncoding = 4; lastKnownFileType = sourcecode.swift; path = ErrorController.swift; sourceTree = "<group>"; };
		5BB02A1E1F589CDD0027AFBC /* logo.png */ = {isa = PBXFileReference; lastKnownFileType = image.png; path = logo.png; sourceTree = "<group>"; };
		5BB02A1F1F589CDD0027AFBC /* no_network.png */ = {isa = PBXFileReference; lastKnownFileType = image.png; path = no_network.png; sourceTree = "<group>"; };
		5BB02A211F589CDD0027AFBC /* server_error.png */ = {isa = PBXFileReference; lastKnownFileType = image.png; path = server_error.png; sourceTree = "<group>"; };
		5BB02A221F589CDD0027AFBC /* slow_internet.png */ = {isa = PBXFileReference; lastKnownFileType = image.png; path = slow_internet.png; sourceTree = "<group>"; };
		5BB02A231F589CDD0027AFBC /* unknow_error.png */ = {isa = PBXFileReference; lastKnownFileType = image.png; path = unknow_error.png; sourceTree = "<group>"; };
		5BB02A241F589CDD0027AFBC /* update_app.png */ = {isa = PBXFileReference; lastKnownFileType = image.png; path = update_app.png; sourceTree = "<group>"; };
		5BE51D681F51CA2F00EDEEED /* DetailsController.swift */ = {isa = PBXFileReference; fileEncoding = 4; lastKnownFileType = sourcecode.swift; path = DetailsController.swift; sourceTree = "<group>"; };
		5BE51D6A1F51CE1500EDEEED /* API.swift */ = {isa = PBXFileReference; fileEncoding = 4; lastKnownFileType = sourcecode.swift; path = API.swift; sourceTree = "<group>"; };
		5BE51D6C1F51D19100EDEEED /* Common.swift */ = {isa = PBXFileReference; fileEncoding = 4; lastKnownFileType = sourcecode.swift; path = Common.swift; sourceTree = "<group>"; };
		5BE51D6E1F51D9CA00EDEEED /* ConfigController.swift */ = {isa = PBXFileReference; fileEncoding = 4; lastKnownFileType = sourcecode.swift; path = ConfigController.swift; sourceTree = "<group>"; };
		5BF9CB791F59EFD300061A40 /* NetworkManager.swift */ = {isa = PBXFileReference; fileEncoding = 4; lastKnownFileType = sourcecode.swift; path = NetworkManager.swift; sourceTree = "<group>"; };
		BC0E517EE9F58465D039FDE3 /* Pods_MijnWords.framework */ = {isa = PBXFileReference; explicitFileType = wrapper.framework; includeInIndex = 0; path = Pods_MijnWords.framework; sourceTree = BUILT_PRODUCTS_DIR; };
		C5A34CDC75E58B4A9EAE51AA /* Pods-MijnWords.release.xcconfig */ = {isa = PBXFileReference; includeInIndex = 1; lastKnownFileType = text.xcconfig; name = "Pods-MijnWords.release.xcconfig"; path = "Pods/Target Support Files/Pods-MijnWords/Pods-MijnWords.release.xcconfig"; sourceTree = "<group>"; };
/* End PBXFileReference section */

/* Begin PBXFrameworksBuildPhase section */
		5B005A0B1F51C3FE007B4887 /* Frameworks */ = {
			isa = PBXFrameworksBuildPhase;
			buildActionMask = 2147483647;
			files = (
				415C5738A0190D40A16E73B6 /* Pods_MijnWords.framework in Frameworks */,
			);
			runOnlyForDeploymentPostprocessing = 0;
		};
/* End PBXFrameworksBuildPhase section */

/* Begin PBXGroup section */
		0B33F3368AD35FFAF03596B5 /* Pods */ = {
			isa = PBXGroup;
			children = (
				027F33BDDC2ADA747E44219D /* Pods-MijnWords.debug.xcconfig */,
				C5A34CDC75E58B4A9EAE51AA /* Pods-MijnWords.release.xcconfig */,
			);
			name = Pods;
			sourceTree = "<group>";
		};
		5B005A051F51C3FE007B4887 = {
			isa = PBXGroup;
			children = (
				5B005A101F51C3FE007B4887 /* MijnWords */,
				5B005A0F1F51C3FE007B4887 /* Products */,
				0B33F3368AD35FFAF03596B5 /* Pods */,
				8FC984DEAD0DB18606790F3C /* Frameworks */,
			);
			sourceTree = "<group>";
		};
		5B005A0F1F51C3FE007B4887 /* Products */ = {
			isa = PBXGroup;
			children = (
				5B005A0E1F51C3FE007B4887 /* MijnWords.app */,
			);
			name = Products;
			sourceTree = "<group>";
		};
		5B005A101F51C3FE007B4887 /* MijnWords */ = {
			isa = PBXGroup;
			children = (
				5B564AA01F7ABF87007DBA4C /* models */,
				5B4DEF6E1F65ABDD004FDFE0 /* views */,
				5B005A111F51C3FE007B4887 /* AppDelegate.swift */,
				5B005A151F51C3FE007B4887 /* Main.storyboard */,
				5BE51D661F51C71F00EDEEED /* controllers */,
				5BE51D651F51C71800EDEEED /* assets */,
				5BE51D671F51C74B00EDEEED /* tools */,
				5B005A181F51C3FE007B4887 /* Assets.xcassets */,
				5B005A1A1F51C3FE007B4887 /* LaunchScreen.storyboard */,
			);
			path = MijnWords;
			sourceTree = "<group>";
		};
		5B4DEF6E1F65ABDD004FDFE0 /* views */ = {
			isa = PBXGroup;
			children = (
				5B4DEF6F1F65ABF2004FDFE0 /* ModoIndicativoView.xib */,
				5B4DEF711F65B692004FDFE0 /* ModoSubjuntivoView.xib */,
				5B294BF41F6D995E00777EB5 /* ModoCondicionalView.xib */,
				5B294BF81F6D9EC700777EB5 /* ModoImperativoView.xib */,
				5B3A5F971F61FC71006B1A91 /* ModoCell.swift */,
			);
			name = views;
			sourceTree = "<group>";
		};
		5B564AA01F7ABF87007DBA4C /* models */ = {
			isa = PBXGroup;
			children = (
				5B564AA11F7ABFA4007DBA4C /* Palabras.swift */,
			);
			name = models;
			sourceTree = "<group>";
		};
		5BE51D651F51C71800EDEEED /* assets */ = {
			isa = PBXGroup;
			children = (
				5B96DCBD1F5DE07C002322B0 /* refresh.png */,
				5BB02A1E1F589CDD0027AFBC /* logo.png */,
				5BB02A1F1F589CDD0027AFBC /* no_network.png */,
				5BB02A211F589CDD0027AFBC /* server_error.png */,
				5BB02A221F589CDD0027AFBC /* slow_internet.png */,
				5BB02A231F589CDD0027AFBC /* unknow_error.png */,
				5BB02A241F589CDD0027AFBC /* update_app.png */,
				5B1D38131F53370600FE40E4 /* nl_lang.png */,
				5B1D380F1F53365600FE40E4 /* en_lang.png */,
				5B1D38101F53365600FE40E4 /* es_lang.png */,
			);
			name = assets;
			sourceTree = "<group>";
		};
		5BE51D661F51C71F00EDEEED /* controllers */ = {
			isa = PBXGroup;
			children = (
				5BE51D6E1F51D9CA00EDEEED /* ConfigController.swift */,
				5BE51D681F51CA2F00EDEEED /* DetailsController.swift */,
				5B005A131F51C3FE007B4887 /* HomeController.swift */,
				5BB02A1C1F5895720027AFBC /* ErrorController.swift */,
				5B362C5A1F6F9481002E0F4A /* CreditsController.swift */,
				5B194B421F7C3040006D95DD /* HistoricController.swift */,
			);
			name = controllers;
			sourceTree = "<group>";
		};
		5BE51D671F51C74B00EDEEED /* tools */ = {
			isa = PBXGroup;
			children = (
				5B66CD301F6EEB61005732CE /* Localizable.strings */,
				5B7B42491F55897800F9B582 /* palabras.json */,
				5B7B42471F55452900F9B582 /* access.json */,
				5BE51D6A1F51CE1500EDEEED /* API.swift */,
				5BE51D6C1F51D19100EDEEED /* Common.swift */,
				5B005A1D1F51C3FE007B4887 /* Info.plist */,
				5BF9CB791F59EFD300061A40 /* NetworkManager.swift */,
				5B5D72E31F63DDF0009416EA /* Palabra.swift */,
				5B5D72E51F63DE49009416EA /* ModoVerbo.swift */,
				5B5D72E71F63DE6E009416EA /* Ejemplo.swift */,
			);
			name = tools;
			sourceTree = "<group>";
		};
		8FC984DEAD0DB18606790F3C /* Frameworks */ = {
			isa = PBXGroup;
			children = (
				BC0E517EE9F58465D039FDE3 /* Pods_MijnWords.framework */,
			);
			name = Frameworks;
			sourceTree = "<group>";
		};
/* End PBXGroup section */

/* Begin PBXNativeTarget section */
		5B005A0D1F51C3FE007B4887 /* MijnWords */ = {
			isa = PBXNativeTarget;
			buildConfigurationList = 5B005A201F51C3FE007B4887 /* Build configuration list for PBXNativeTarget "MijnWords" */;
			buildPhases = (
				2F8335261D557A46C8F1B993 /* [CP] Check Pods Manifest.lock */,
				5B005A0A1F51C3FE007B4887 /* Sources */,
				5B005A0B1F51C3FE007B4887 /* Frameworks */,
				5B005A0C1F51C3FE007B4887 /* Resources */,
				AFDC45846AFCA44401B5F276 /* [CP] Embed Pods Frameworks */,
				0161B9BEDF4DF052271CA348 /* [CP] Copy Pods Resources */,
			);
			buildRules = (
			);
			dependencies = (
			);
			name = MijnWords;
			productName = MijnWords;
			productReference = 5B005A0E1F51C3FE007B4887 /* MijnWords.app */;
			productType = "com.apple.product-type.application";
		};
/* End PBXNativeTarget section */

/* Begin PBXProject section */
		5B005A061F51C3FE007B4887 /* Project object */ = {
			isa = PBXProject;
			attributes = {
				LastSwiftUpdateCheck = 0830;
				LastUpgradeCheck = 0830;
				ORGANIZATIONNAME = "Juan Daniel";
				TargetAttributes = {
					5B005A0D1F51C3FE007B4887 = {
						CreatedOnToolsVersion = 8.3.2;
						DevelopmentTeam = 85RGNG7LK2;
						ProvisioningStyle = Automatic;
					};
				};
			};
			buildConfigurationList = 5B005A091F51C3FE007B4887 /* Build configuration list for PBXProject "MijnWords" */;
			compatibilityVersion = "Xcode 3.2";
			developmentRegion = English;
			hasScannedForEncodings = 0;
			knownRegions = (
				en,
				Base,
				es,
				nl,
			);
			mainGroup = 5B005A051F51C3FE007B4887;
			productRefGroup = 5B005A0F1F51C3FE007B4887 /* Products */;
			projectDirPath = "";
			projectRoot = "";
			targets = (
				5B005A0D1F51C3FE007B4887 /* MijnWords */,
			);
		};
/* End PBXProject section */

/* Begin PBXResourcesBuildPhase section */
		5B005A0C1F51C3FE007B4887 /* Resources */ = {
			isa = PBXResourcesBuildPhase;
			buildActionMask = 2147483647;
			files = (
				5B005A1C1F51C3FE007B4887 /* LaunchScreen.storyboard in Resources */,
				5B1D38141F53370600FE40E4 /* nl_lang.png in Resources */,
				5BB02A251F589CDD0027AFBC /* logo.png in Resources */,
				5BB02A2A1F589CDD0027AFBC /* unknow_error.png in Resources */,
				5B4DEF721F65B692004FDFE0 /* ModoSubjuntivoView.xib in Resources */,
				5B66CD2E1F6EEB61005732CE /* Localizable.strings in Resources */,
				5B7B42481F55452900F9B582 /* access.json in Resources */,
				5B7B424A1F55897800F9B582 /* palabras.json in Resources */,
				5BB02A261F589CDD0027AFBC /* no_network.png in Resources */,
				5BB02A281F589CDD0027AFBC /* server_error.png in Resources */,
				5BB02A291F589CDD0027AFBC /* slow_internet.png in Resources */,
				5B005A191F51C3FE007B4887 /* Assets.xcassets in Resources */,
				5B1D38111F53365600FE40E4 /* en_lang.png in Resources */,
				5B294BF51F6D995E00777EB5 /* ModoCondicionalView.xib in Resources */,
				5B294BF91F6D9EC700777EB5 /* ModoImperativoView.xib in Resources */,
				5B1D38121F53365600FE40E4 /* es_lang.png in Resources */,
				5B4DEF701F65ABF2004FDFE0 /* ModoIndicativoView.xib in Resources */,
				5B96DCBE1F5DE07C002322B0 /* refresh.png in Resources */,
				5B005A171F51C3FE007B4887 /* Main.storyboard in Resources */,
				5BB02A2B1F589CDD0027AFBC /* update_app.png in Resources */,
			);
			runOnlyForDeploymentPostprocessing = 0;
		};
/* End PBXResourcesBuildPhase section */

/* Begin PBXShellScriptBuildPhase section */
		0161B9BEDF4DF052271CA348 /* [CP] Copy Pods Resources */ = {
			isa = PBXShellScriptBuildPhase;
			buildActionMask = 2147483647;
			files = (
			);
			inputPaths = (
			);
			name = "[CP] Copy Pods Resources";
			outputPaths = (
			);
			runOnlyForDeploymentPostprocessing = 0;
			shellPath = /bin/sh;
			shellScript = "\"${SRCROOT}/Pods/Target Support Files/Pods-MijnWords/Pods-MijnWords-resources.sh\"\n";
			showEnvVarsInLog = 0;
		};
		2F8335261D557A46C8F1B993 /* [CP] Check Pods Manifest.lock */ = {
			isa = PBXShellScriptBuildPhase;
			buildActionMask = 2147483647;
			files = (
			);
			inputPaths = (
			);
			name = "[CP] Check Pods Manifest.lock";
			outputPaths = (
			);
			runOnlyForDeploymentPostprocessing = 0;
			shellPath = /bin/sh;
			shellScript = "diff \"${PODS_PODFILE_DIR_PATH}/Podfile.lock\" \"${PODS_ROOT}/Manifest.lock\" > /dev/null\nif [ $? != 0 ] ; then\n    # print error to STDERR\n    echo \"error: The sandbox is not in sync with the Podfile.lock. Run 'pod install' or update your CocoaPods installation.\" >&2\n    exit 1\nfi\n";
			showEnvVarsInLog = 0;
		};
		AFDC45846AFCA44401B5F276 /* [CP] Embed Pods Frameworks */ = {
			isa = PBXShellScriptBuildPhase;
			buildActionMask = 2147483647;
			files = (
			);
			inputPaths = (
			);
			name = "[CP] Embed Pods Frameworks";
			outputPaths = (
			);
			runOnlyForDeploymentPostprocessing = 0;
			shellPath = /bin/sh;
			shellScript = "\"${SRCROOT}/Pods/Target Support Files/Pods-MijnWords/Pods-MijnWords-frameworks.sh\"\n";
			showEnvVarsInLog = 0;
		};
/* End PBXShellScriptBuildPhase section */

/* Begin PBXSourcesBuildPhase section */
		5B005A0A1F51C3FE007B4887 /* Sources */ = {
			isa = PBXSourcesBuildPhase;
			buildActionMask = 2147483647;
			files = (
				5B005A141F51C3FE007B4887 /* HomeController.swift in Sources */,
				5B194B431F7C3040006D95DD /* HistoricController.swift in Sources */,
				5B362C5B1F6F9481002E0F4A /* CreditsController.swift in Sources */,
				5BE51D6F1F51D9CA00EDEEED /* ConfigController.swift in Sources */,
				5B5D72E81F63DE6E009416EA /* Ejemplo.swift in Sources */,
				5B005A121F51C3FE007B4887 /* AppDelegate.swift in Sources */,
				5BE51D6B1F51CE1500EDEEED /* API.swift in Sources */,
				5BF9CB7A1F59EFD300061A40 /* NetworkManager.swift in Sources */,
				5B564AA21F7ABFA4007DBA4C /* Palabras.swift in Sources */,
				5B5D72E61F63DE49009416EA /* ModoVerbo.swift in Sources */,
				5BE51D6D1F51D19100EDEEED /* Common.swift in Sources */,
				5BB02A1D1F5895720027AFBC /* ErrorController.swift in Sources */,
				5B3A5F981F61FC71006B1A91 /* ModoCell.swift in Sources */,
				5BE51D691F51CA2F00EDEEED /* DetailsController.swift in Sources */,
				5B5D72E41F63DDF0009416EA /* Palabra.swift in Sources */,
			);
			runOnlyForDeploymentPostprocessing = 0;
		};
/* End PBXSourcesBuildPhase section */

/* Begin PBXVariantGroup section */
		5B005A151F51C3FE007B4887 /* Main.storyboard */ = {
			isa = PBXVariantGroup;
			children = (
				5B005A161F51C3FE007B4887 /* Base */,
				5B362C621F6FA8CE002E0F4A /* en */,
				5B362C641F6FA933002E0F4A /* nl */,
				5B362C661F6FAA55002E0F4A /* es */,
			);
			name = Main.storyboard;
			sourceTree = "<group>";
		};
		5B005A1A1F51C3FE007B4887 /* LaunchScreen.storyboard */ = {
			isa = PBXVariantGroup;
			children = (
				5B005A1B1F51C3FE007B4887 /* Base */,
				5B66CD1B1F6EDADB005732CE /* es */,
				5B66CD211F6EDBB0005732CE /* nl */,
			);
			name = LaunchScreen.storyboard;
			sourceTree = "<group>";
		};
		5B66CD301F6EEB61005732CE /* Localizable.strings */ = {
			isa = PBXVariantGroup;
			children = (
				5B66CD2F1F6EEB61005732CE /* Base */,
				5B66CD341F6EEC25005732CE /* en */,
				5B66CD351F6EEC49005732CE /* es */,
				5B66CD361F6EEC53005732CE /* nl */,
			);
			name = Localizable.strings;
			sourceTree = "<group>";
		};
/* End PBXVariantGroup section */

/* Begin XCBuildConfiguration section */
		5B005A1E1F51C3FE007B4887 /* Debug */ = {
			isa = XCBuildConfiguration;
			buildSettings = {
				ALWAYS_SEARCH_USER_PATHS = NO;
				CLANG_ANALYZER_LOCALIZABILITY_NONLOCALIZED = YES;
				CLANG_ANALYZER_NONNULL = YES;
				CLANG_ANALYZER_NUMBER_OBJECT_CONVERSION = YES_AGGRESSIVE;
				CLANG_CXX_LANGUAGE_STANDARD = "gnu++0x";
				CLANG_CXX_LIBRARY = "libc++";
				CLANG_ENABLE_MODULES = YES;
				CLANG_ENABLE_OBJC_ARC = YES;
				CLANG_WARN_BOOL_CONVERSION = YES;
				CLANG_WARN_CONSTANT_CONVERSION = YES;
				CLANG_WARN_DIRECT_OBJC_ISA_USAGE = YES_ERROR;
				CLANG_WARN_DOCUMENTATION_COMMENTS = YES;
				CLANG_WARN_EMPTY_BODY = YES;
				CLANG_WARN_ENUM_CONVERSION = YES;
				CLANG_WARN_INFINITE_RECURSION = YES;
				CLANG_WARN_INT_CONVERSION = YES;
				CLANG_WARN_OBJC_ROOT_CLASS = YES_ERROR;
				CLANG_WARN_SUSPICIOUS_MOVE = YES;
				CLANG_WARN_UNREACHABLE_CODE = YES;
				CLANG_WARN__DUPLICATE_METHOD_MATCH = YES;
				"CODE_SIGN_IDENTITY[sdk=iphoneos*]" = "iPhone Developer";
				COPY_PHASE_STRIP = NO;
				DEBUG_INFORMATION_FORMAT = dwarf;
				ENABLE_STRICT_OBJC_MSGSEND = YES;
				ENABLE_TESTABILITY = YES;
				GCC_C_LANGUAGE_STANDARD = gnu99;
				GCC_DYNAMIC_NO_PIC = NO;
				GCC_NO_COMMON_BLOCKS = YES;
				GCC_OPTIMIZATION_LEVEL = 0;
				GCC_PREPROCESSOR_DEFINITIONS = (
					"DEBUG=1",
					"$(inherited)",
				);
				GCC_WARN_64_TO_32_BIT_CONVERSION = YES;
				GCC_WARN_ABOUT_RETURN_TYPE = YES_ERROR;
				GCC_WARN_UNDECLARED_SELECTOR = YES;
				GCC_WARN_UNINITIALIZED_AUTOS = YES_AGGRESSIVE;
				GCC_WARN_UNUSED_FUNCTION = YES;
				GCC_WARN_UNUSED_VARIABLE = YES;
				IPHONEOS_DEPLOYMENT_TARGET = 10.3;
				MTL_ENABLE_DEBUG_INFO = YES;
				ONLY_ACTIVE_ARCH = YES;
				SDKROOT = iphoneos;
				SWIFT_ACTIVE_COMPILATION_CONDITIONS = DEBUG;
				SWIFT_OPTIMIZATION_LEVEL = "-Onone";
			};
			name = Debug;
		};
		5B005A1F1F51C3FE007B4887 /* Release */ = {
			isa = XCBuildConfiguration;
			buildSettings = {
				ALWAYS_SEARCH_USER_PATHS = NO;
				CLANG_ANALYZER_LOCALIZABILITY_NONLOCALIZED = YES;
				CLANG_ANALYZER_NONNULL = YES;
				CLANG_ANALYZER_NUMBER_OBJECT_CONVERSION = YES_AGGRESSIVE;
				CLANG_CXX_LANGUAGE_STANDARD = "gnu++0x";
				CLANG_CXX_LIBRARY = "libc++";
				CLANG_ENABLE_MODULES = YES;
				CLANG_ENABLE_OBJC_ARC = YES;
				CLANG_WARN_BOOL_CONVERSION = YES;
				CLANG_WARN_CONSTANT_CONVERSION = YES;
				CLANG_WARN_DIRECT_OBJC_ISA_USAGE = YES_ERROR;
				CLANG_WARN_DOCUMENTATION_COMMENTS = YES;
				CLANG_WARN_EMPTY_BODY = YES;
				CLANG_WARN_ENUM_CONVERSION = YES;
				CLANG_WARN_INFINITE_RECURSION = YES;
				CLANG_WARN_INT_CONVERSION = YES;
				CLANG_WARN_OBJC_ROOT_CLASS = YES_ERROR;
				CLANG_WARN_SUSPICIOUS_MOVE = YES;
				CLANG_WARN_UNREACHABLE_CODE = YES;
				CLANG_WARN__DUPLICATE_METHOD_MATCH = YES;
				"CODE_SIGN_IDENTITY[sdk=iphoneos*]" = "iPhone Developer";
				COPY_PHASE_STRIP = NO;
				DEBUG_INFORMATION_FORMAT = "dwarf-with-dsym";
				ENABLE_NS_ASSERTIONS = NO;
				ENABLE_STRICT_OBJC_MSGSEND = YES;
				GCC_C_LANGUAGE_STANDARD = gnu99;
				GCC_NO_COMMON_BLOCKS = YES;
				GCC_WARN_64_TO_32_BIT_CONVERSION = YES;
				GCC_WARN_ABOUT_RETURN_TYPE = YES_ERROR;
				GCC_WARN_UNDECLARED_SELECTOR = YES;
				GCC_WARN_UNINITIALIZED_AUTOS = YES_AGGRESSIVE;
				GCC_WARN_UNUSED_FUNCTION = YES;
				GCC_WARN_UNUSED_VARIABLE = YES;
				IPHONEOS_DEPLOYMENT_TARGET = 10.3;
				MTL_ENABLE_DEBUG_INFO = NO;
				SDKROOT = iphoneos;
				SWIFT_OPTIMIZATION_LEVEL = "-Owholemodule";
				VALIDATE_PRODUCT = YES;
			};
			name = Release;
		};
		5B005A211F51C3FE007B4887 /* Debug */ = {
			isa = XCBuildConfiguration;
			baseConfigurationReference = 027F33BDDC2ADA747E44219D /* Pods-MijnWords.debug.xcconfig */;
			buildSettings = {
				ASSETCATALOG_COMPILER_APPICON_NAME = AppIcon;
				DEVELOPMENT_TEAM = 85RGNG7LK2;
				INFOPLIST_FILE = MijnWords/Info.plist;
				LD_RUNPATH_SEARCH_PATHS = "$(inherited) @executable_path/Frameworks";
				PRODUCT_BUNDLE_IDENTIFIER = com.juandqt.mijnwords;
				PRODUCT_NAME = "$(TARGET_NAME)";
				SWIFT_VERSION = 3.0;
			};
			name = Debug;
		};
		5B005A221F51C3FE007B4887 /* Release */ = {
			isa = XCBuildConfiguration;
			baseConfigurationReference = C5A34CDC75E58B4A9EAE51AA /* Pods-MijnWords.release.xcconfig */;
			buildSettings = {
				ASSETCATALOG_COMPILER_APPICON_NAME = AppIcon;
				DEVELOPMENT_TEAM = 85RGNG7LK2;
				INFOPLIST_FILE = MijnWords/Info.plist;
				LD_RUNPATH_SEARCH_PATHS = "$(inherited) @executable_path/Frameworks";
				PRODUCT_BUNDLE_IDENTIFIER = com.juandqt.mijnwords;
				PRODUCT_NAME = "$(TARGET_NAME)";
				SWIFT_VERSION = 3.0;
			};
			name = Release;
		};
/* End XCBuildConfiguration section */

/* Begin XCConfigurationList section */
		5B005A091F51C3FE007B4887 /* Build configuration list for PBXProject "MijnWords" */ = {
			isa = XCConfigurationList;
			buildConfigurations = (
				5B005A1E1F51C3FE007B4887 /* Debug */,
				5B005A1F1F51C3FE007B4887 /* Release */,
			);
			defaultConfigurationIsVisible = 0;
			defaultConfigurationName = Release;
		};
		5B005A201F51C3FE007B4887 /* Build configuration list for PBXNativeTarget "MijnWords" */ = {
			isa = XCConfigurationList;
			buildConfigurations = (
				5B005A211F51C3FE007B4887 /* Debug */,
				5B005A221F51C3FE007B4887 /* Release */,
			);
			defaultConfigurationIsVisible = 0;
			defaultConfigurationName = Release;
		};
/* End XCConfigurationList section */
	};
	rootObject = 5B005A061F51C3FE007B4887 /* Project object */;
}
