PODS:
  - Alamofire (4.5.0)
  - IQKeyboardManager (4.0.11)
  - Realm (2.9.1):
    - Realm/Headers (= 2.9.1)
  - Realm/Headers (2.9.1)
  - RealmSwift (2.9.1):
    - Realm (= 2.9.1)
  - SwiftyBeaver (1.3.0)
  - SwiftyJSON (3.1.4)

DEPENDENCIES:
  - Alamofire
  - IQKeyboardManager
  - RealmSwift
  - SwiftyBeaver
  - SwiftyJSON

SPEC CHECKSUMS:
  Alamofire: f28cdffd29de33a7bfa022cbd63ae95a27fae140
  IQKeyboardManager: 83eae5318483a34eb2069ef413d195b97605232e
  Realm: f91fb43bd474c4f731a116ebf7392c75dd015920
  RealmSwift: 207f12a4a36b696c5183c60a1c06d70234a23e56
  SwiftyBeaver: d4b551ba34b4206c52cc4684ae90444b8aaa5afd
  SwiftyJSON: c2842d878f95482ffceec5709abc3d05680c0220

PODFILE CHECKSUM: 0c2c27d050b41539abbf22322e9fe27fe31d9e36

COCOAPODS: 1.2.1
